
Microsoft Visual Studio Solution File, Format Version 12.00
# Visual Studio Version 17
VisualStudioVersion = 17.5.002.0
MinimumVisualStudioVersion = 10.0.40219.1
Project("{9A19103F-16F7-4668-BE54-9A1E7A4F7556}") = "EquityStop", "EquityStop.csproj", "{400EA21F-2FB9-4F04-B9AC-8D85F14BD963}"
EndProject
Global
	GlobalSection(SolutionConfigurationPlatforms) = preSolution
		Debug|Any CPU = Debug|Any CPU
		Release|Any CPU = Release|Any CPU
	EndGlobalSection
	GlobalSection(ProjectConfigurationPlatforms) = postSolution
		{400EA21F-2FB9-4F04-B9AC-8D85F14BD963}.Debug|Any CPU.ActiveCfg = Debug|Any CPU
		{400EA21F-2FB9-4F04-B9AC-8D85F14BD963}.Debug|Any CPU.Build.0 = Debug|Any CPU
		{400EA21F-2FB9-4F04-B9AC-8D85F14BD963}.Release|Any CPU.ActiveCfg = Release|Any CPU
		{400EA21F-2FB9-4F04-B9AC-8D85F14BD963}.Release|Any CPU.Build.0 = Release|Any CPU
	EndGlobalSection
	GlobalSection(SolutionProperties) = preSolution
		HideSolutionNode = FALSE
	EndGlobalSection
	GlobalSection(ExtensibilityGlobals) = postSolution
		SolutionGuid = {654E3CEA-18A8-473F-86CC-36B78B71717F}
	EndGlobalSection
EndGlobal
